
Microsoft Visual Studio Solution File, Format Version 12.00
# Visual Studio Version 17
VisualStudioVersion = 17.1.32319.34
MinimumVisualStudioVersion = 10.0.40219.1
Project("{2150E333-8FDC-42A3-9474-1A3956D46DE8}") = "Doc", "Doc", "{4FB516A5-9DA9-487D-BC09-59451B80F017}"
EndProject
Project("{2150E333-8FDC-42A3-9474-1A3956D46DE8}") = "Src", "Src", "{983B1642-8E22-4F72-8A59-A813E8CA7F5F}"
EndProject
Project("{2150E333-8FDC-42A3-9474-1A3956D46DE8}") = "Common", "Common", "{30EF00B8-F994-4734-BFEE-02F7408B3471}"
EndProject
Project("{2150E333-8FDC-42A3-9474-1A3956D46DE8}") = "Core", "Core", "{0961C9E5-7097-4BEB-BC57-EBE225F2EBF7}"
EndProject
Project("{2150E333-8FDC-42A3-9474-1A3956D46DE8}") = "Infrastructure", "Infrastructure", "{7A48DE76-ED08-418A-9156-15EE88193C02}"
EndProject
Project("{2150E333-8FDC-42A3-9474-1A3956D46DE8}") = "Presentation", "Presentation", "{9E25A57E-F3CF-4796-9038-55EDC5816EF5}"
EndProject
Project("{FAE04EC0-301F-11D3-BF4B-00C04F79EFBC}") = "Common", "Common\Common.csproj", "{9139236F-C554-4CC4-A2C7-E42D9FD21A84}"
EndProject
Project("{FAE04EC0-301F-11D3-BF4B-00C04F79EFBC}") = "Domain", "Domain\Domain.csproj", "{BB7C2E27-C1E3-44DB-B5EF-CB5E118DBAAB}"
EndProject
Project("{FAE04EC0-301F-11D3-BF4B-00C04F79EFBC}") = "Application", "Application\Application.csproj", "{1AC5DA87-F3EC-4311-B18A-6C7F8B6DF8BE}"
EndProject
Project("{FAE04EC0-301F-11D3-BF4B-00C04F79EFBC}") = "Infrastructure", "Infrastructure\Infrastructure.csproj", "{1C93A929-D25E-40D9-BE16-A580065CD10A}"
EndProject
Project("{FAE04EC0-301F-11D3-BF4B-00C04F79EFBC}") = "Persistence", "Persistence\Persistence.csproj", "{244612E0-A7B4-42CB-8D5C-77A8773400E7}"
EndProject
Project("{FAE04EC0-301F-11D3-BF4B-00C04F79EFBC}") = "WebSite.EndPoint", "WebSite.EndPoint\WebSite.EndPoint.csproj", "{7054E137-6030-4A5C-B5AA-27C74668ED32}"
EndProject
Global
	GlobalSection(SolutionConfigurationPlatforms) = preSolution
		Debug|Any CPU = Debug|Any CPU
		Release|Any CPU = Release|Any CPU
	EndGlobalSection
	GlobalSection(ProjectConfigurationPlatforms) = postSolution
		{9139236F-C554-4CC4-A2C7-E42D9FD21A84}.Debug|Any CPU.ActiveCfg = Debug|Any CPU
		{9139236F-C554-4CC4-A2C7-E42D9FD21A84}.Debug|Any CPU.Build.0 = Debug|Any CPU
		{9139236F-C554-4CC4-A2C7-E42D9FD21A84}.Release|Any CPU.ActiveCfg = Release|Any CPU
		{9139236F-C554-4CC4-A2C7-E42D9FD21A84}.Release|Any CPU.Build.0 = Release|Any CPU
		{BB7C2E27-C1E3-44DB-B5EF-CB5E118DBAAB}.Debug|Any CPU.ActiveCfg = Debug|Any CPU
		{BB7C2E27-C1E3-44DB-B5EF-CB5E118DBAAB}.Debug|Any CPU.Build.0 = Debug|Any CPU
		{BB7C2E27-C1E3-44DB-B5EF-CB5E118DBAAB}.Release|Any CPU.ActiveCfg = Release|Any CPU
		{BB7C2E27-C1E3-44DB-B5EF-CB5E118DBAAB}.Release|Any CPU.Build.0 = Release|Any CPU
		{1AC5DA87-F3EC-4311-B18A-6C7F8B6DF8BE}.Debug|Any CPU.ActiveCfg = Debug|Any CPU
		{1AC5DA87-F3EC-4311-B18A-6C7F8B6DF8BE}.Debug|Any CPU.Build.0 = Debug|Any CPU
		{1AC5DA87-F3EC-4311-B18A-6C7F8B6DF8BE}.Release|Any CPU.ActiveCfg = Release|Any CPU
		{1AC5DA87-F3EC-4311-B18A-6C7F8B6DF8BE}.Release|Any CPU.Build.0 = Release|Any CPU
		{1C93A929-D25E-40D9-BE16-A580065CD10A}.Debug|Any CPU.ActiveCfg = Debug|Any CPU
		{1C93A929-D25E-40D9-BE16-A580065CD10A}.Debug|Any CPU.Build.0 = Debug|Any CPU
		{1C93A929-D25E-40D9-BE16-A580065CD10A}.Release|Any CPU.ActiveCfg = Release|Any CPU
		{1C93A929-D25E-40D9-BE16-A580065CD10A}.Release|Any CPU.Build.0 = Release|Any CPU
		{244612E0-A7B4-42CB-8D5C-77A8773400E7}.Debug|Any CPU.ActiveCfg = Debug|Any CPU
		{244612E0-A7B4-42CB-8D5C-77A8773400E7}.Debug|Any CPU.Build.0 = Debug|Any CPU
		{244612E0-A7B4-42CB-8D5C-77A8773400E7}.Release|Any CPU.ActiveCfg = Release|Any CPU
		{244612E0-A7B4-42CB-8D5C-77A8773400E7}.Release|Any CPU.Build.0 = Release|Any CPU
		{7054E137-6030-4A5C-B5AA-27C74668ED32}.Debug|Any CPU.ActiveCfg = Debug|Any CPU
		{7054E137-6030-4A5C-B5AA-27C74668ED32}.Debug|Any CPU.Build.0 = Debug|Any CPU
		{7054E137-6030-4A5C-B5AA-27C74668ED32}.Release|Any CPU.ActiveCfg = Release|Any CPU
		{7054E137-6030-4A5C-B5AA-27C74668ED32}.Release|Any CPU.Build.0 = Release|Any CPU
	EndGlobalSection
	GlobalSection(SolutionProperties) = preSolution
		HideSolutionNode = FALSE
	EndGlobalSection
	GlobalSection(NestedProjects) = preSolution
		{30EF00B8-F994-4734-BFEE-02F7408B3471} = {983B1642-8E22-4F72-8A59-A813E8CA7F5F}
		{0961C9E5-7097-4BEB-BC57-EBE225F2EBF7} = {983B1642-8E22-4F72-8A59-A813E8CA7F5F}
		{7A48DE76-ED08-418A-9156-15EE88193C02} = {983B1642-8E22-4F72-8A59-A813E8CA7F5F}
		{9E25A57E-F3CF-4796-9038-55EDC5816EF5} = {983B1642-8E22-4F72-8A59-A813E8CA7F5F}
		{9139236F-C554-4CC4-A2C7-E42D9FD21A84} = {30EF00B8-F994-4734-BFEE-02F7408B3471}
		{BB7C2E27-C1E3-44DB-B5EF-CB5E118DBAAB} = {0961C9E5-7097-4BEB-BC57-EBE225F2EBF7}
		{1AC5DA87-F3EC-4311-B18A-6C7F8B6DF8BE} = {0961C9E5-7097-4BEB-BC57-EBE225F2EBF7}
		{1C93A929-D25E-40D9-BE16-A580065CD10A} = {7A48DE76-ED08-418A-9156-15EE88193C02}
		{244612E0-A7B4-42CB-8D5C-77A8773400E7} = {7A48DE76-ED08-418A-9156-15EE88193C02}
		{7054E137-6030-4A5C-B5AA-27C74668ED32} = {9E25A57E-F3CF-4796-9038-55EDC5816EF5}
	EndGlobalSection
	GlobalSection(ExtensibilityGlobals) = postSolution
		SolutionGuid = {3D3F4D19-9B41-4B83-9470-1946B4786421}
	EndGlobalSection
EndGlobal
